# This file was autogenerated by Stack.
# You should not edit this file by hand.
# For more information, please see the documentation at:
#   https://docs.haskellstack.org/en/stable/lock_files

packages:
- completed:
    hackage: free-5.1.5@sha256:e1a5921c166c6ef42f7b97ff79742a343dae9d4b76462a55f2bd5e3d6c7184a9,4440
    pantry-tree:
      size: 3360
      sha256: c5edfae46965b7254a2062bc87654f45781cefa159c17644b277f05b570ac9e2
  original:
    hackage: free-5.1.5
- completed:
    hackage: http2-2.0.6@sha256:d286b50b1f644b3a4b0c80f5d40d21ac2682e30b5035e46c5395773d5b69ec3b,17686
    pantry-tree:
      size: 44789
      sha256: 81c9ecf6410a1233fb312131fe0c8247764496636dbd67ff83225a885f8a2701
  original:
    hackage: http2-2.0.6
- completed:
    hackage: http2-client-0.10.0.0@sha256:85b8771e9e8d4fd0b4327373ebb4a7bc7f9a293e5d7a7dc581ca4153a841da67,2604
    pantry-tree:
      size: 853
      sha256: 4731a8ea6bc88cd762a99370f71c4754bcb57806844ee57a45d59e114ab1b5cb
  original:
    hackage: http2-client-0.10.0.0
- completed:
    hackage: profunctors-5.5.2@sha256:0d824ae4b7cdde33ec4c677ded9e373e057c3a8e2c6b0532c183f9413db6e32c,2176
    pantry-tree:
      size: 1639
      sha256: 6c904ead0a6d963c6ac6222f9317571197e37bcef7b4471eea7f5763bdc33bce
  original:
    hackage: profunctors-5.5.2
- completed:
    hackage: proto3-suite-0.4.2@sha256:86ea244011eacdcde0e77181d83183e89c14ae1aba816e1c7df59f9df3195a93,6073
    pantry-tree:
      size: 3119
      sha256: a4d659d1aec53305dcdfa9ebbcf349ff2ef7dbf886015b8c5faf4f19e927d647
  original:
    hackage: proto3-suite-0.4.2
- completed:
    hackage: proto3-wire-1.2.2@sha256:06cfbd240071099b01c78f90d540a6276e4b40626a97cae9e8668ace5d773864,2756
    pantry-tree:
      size: 1009
      sha256: dd8a00722794fa6aee7e3d3fda5f10f518951664a7f8ae880c7d017599972c5e
  original:
    hackage: proto3-wire-1.2.2
- completed:
    hackage: proto-lens-0.7.0.0@sha256:2c44a62375f7712f9381f84b1d30cee2f94384f1c98801db2f4450359a8e5036,3036
    pantry-tree:
      size: 1857
      sha256: b8e95cae7459e6a601abe32df92c5b24685765f4dd402fd84d8fd1e5b04892d2
  original:
    hackage: proto-lens-0.7.0.0
- completed:
    hackage: proto-lens-protoc-0.7.0.0@sha256:04e57ec59ce21dc781b9debe063f03d85a7ec2ad1ee5c2deb1c30282119e9119,2304
    pantry-tree:
      size: 1219
      sha256: 990ccd28c9fda706123c50032d83adbf1ba3bdc914f206d8587ddb6d49d4686e
  original:
    hackage: proto-lens-protoc-0.7.0.0
- completed:
    hackage: proto-lens-runtime-0.7.0.0@sha256:d6cfab159a63f5c42a1a507638c674a714dfa5f69a06f559e8da840eaafde3ab,3115
    pantry-tree:
      size: 168
      sha256: 25214e3dfa3d36b453da5be39f392699ac78ada5ded8a1384668e3e3cd9234e4
  original:
    hackage: proto-lens-runtime-0.7.0.0
- completed:
    hackage: proto-lens-setup-0.4.0.4@sha256:c44d1b6d68a8faf1d2f9c7ca492ce3c9c2ee66d255452c683f762f10c9ebe430,3185
    pantry-tree:
      size: 235
      sha256: 3e7d12c20ebfa4d261254278331d2a708e49278f763183da2f680a4b668e881f
  original:
    hackage: proto-lens-setup-0.4.0.4
- completed:
    subdir: http2-client-grpc
    name: http2-client-grpc
    version: 0.8.0.0
    git: git@github.com:ProofOfKeags/http2-grpc-haskell.git
    pantry-tree:
      size: 455
      sha256: 3f1b7ea68caec5c558b12702a3c055f9a5c9fb12796d548b00281b300938728a
    commit: 0f1167d9257fd98955cc207adbaa3e8cf17e8db8
  original:
    subdir: http2-client-grpc
    git: git@github.com:ProofOfKeags/http2-grpc-haskell.git
    commit: 0f1167d9257fd98955cc207adbaa3e8cf17e8db8
- completed:
    subdir: http2-grpc-proto-lens
    name: http2-grpc-proto-lens
    version: 0.1.0.0
    git: git@github.com:ProofOfKeags/http2-grpc-haskell.git
    pantry-tree:
      size: 440
      sha256: 0ebf3d97bef7b573bd2d08e3c9221ba838f4487833f88bae057be6fb947ed6bc
    commit: 0f1167d9257fd98955cc207adbaa3e8cf17e8db8
  original:
    subdir: http2-grpc-proto-lens
    git: git@github.com:ProofOfKeags/http2-grpc-haskell.git
    commit: 0f1167d9257fd98955cc207adbaa3e8cf17e8db8
- completed:
    subdir: http2-grpc-proto3-wire
    name: http2-grpc-proto3-wire
    version: 0.1.0.1
    git: git@github.com:ProofOfKeags/http2-grpc-haskell.git
    pantry-tree:
      size: 442
      sha256: a6d6a31d69ca3918b162d94d4a1b4bf4fcbc06a6a9da54f326816fdfee197a44
    commit: 0f1167d9257fd98955cc207adbaa3e8cf17e8db8
  original:
    subdir: http2-grpc-proto3-wire
    git: git@github.com:ProofOfKeags/http2-grpc-haskell.git
    commit: 0f1167d9257fd98955cc207adbaa3e8cf17e8db8
- completed:
    subdir: http2-grpc-types
    name: http2-grpc-types
    version: 0.5.0.0
    git: git@github.com:ProofOfKeags/http2-grpc-haskell.git
    pantry-tree:
      size: 506
      sha256: e3d83b9af4f950f15e00ece249c7396ca7039fdcc708e5b01ae4bb27e2d5f4c8
    commit: 0f1167d9257fd98955cc207adbaa3e8cf17e8db8
  original:
    subdir: http2-grpc-types
    git: git@github.com:ProofOfKeags/http2-grpc-haskell.git
    commit: 0f1167d9257fd98955cc207adbaa3e8cf17e8db8
snapshots:
- completed:
    size: 585393
    url: https://raw.githubusercontent.com/commercialhaskell/stackage-snapshots/master/lts/18/0.yaml
    sha256: c632012da648385b9fa3c29f4e0afd56ead299f1c5528ee789058be410e883c0
  original: lts-18.0
